
Microsoft Visual Studio Solution File, Format Version 10.00
# Visual Studio 2008
Project("{8BC9CEB8-8B4A-11D0-8D11-00A0C91BC942}") = "MyDIP", "MyDIP.vcproj", "{E1F3A1D0-E741-4E3E-92F7-467E78481E7E}"
EndProject
Global
	GlobalSection(SolutionConfigurationPlatforms) = preSolution
		Debug|Win32 = Debug|Win32
		Release|Win32 = Release|Win32
	EndGlobalSection
	GlobalSection(ProjectConfigurationPlatforms) = postSolution
		{E1F3A1D0-E741-4E3E-92F7-467E78481E7E}.Debug|Win32.ActiveCfg = Debug|Win32
		{E1F3A1D0-E741-4E3E-92F7-467E78481E7E}.Debug|Win32.Build.0 = Debug|Win32
		{E1F3A1D0-E741-4E3E-92F7-467E78481E7E}.Release|Win32.ActiveCfg = Release|Win32
		{E1F3A1D0-E741-4E3E-92F7-467E78481E7E}.Release|Win32.Build.0 = Release|Win32
	EndGlobalSection
	GlobalSection(SolutionProperties) = preSolution
		HideSolutionNode = FALSE
	EndGlobalSection
EndGlobal
